
Microsoft Visual Studio Solution File, Format Version 12.00
# Visual Studio Version 17
VisualStudioVersion = 17.12.35527.113 d17.12
MinimumVisualStudioVersion = 10.0.40219.1
Project("{FAE04EC0-301F-11D3-BF4B-00C04F79EFBC}") = "MyWebService.Api", "MyWebService.Api\MyWebService.Api.csproj", "{D7B4B035-B547-42E7-BF5A-44B61E8C27D1}"
EndProject
Project("{FAE04EC0-301F-11D3-BF4B-00C04F79EFBC}") = "MyWebService.Tests", "MyWebService.Tests\MyWebService.Tests.csproj", "{CF6C70AA-BCBC-407A-A8F3-0E2F3CC14C5E}"
EndProject
Global
	GlobalSection(SolutionConfigurationPlatforms) = preSolution
		Debug|Any CPU = Debug|Any CPU
		Release|Any CPU = Release|Any CPU
	EndGlobalSection
	GlobalSection(ProjectConfigurationPlatforms) = postSolution
		{D7B4B035-B547-42E7-BF5A-44B61E8C27D1}.Debug|Any CPU.ActiveCfg = Debug|Any CPU
		{D7B4B035-B547-42E7-BF5A-44B61E8C27D1}.Debug|Any CPU.Build.0 = Debug|Any CPU
		{D7B4B035-B547-42E7-BF5A-44B61E8C27D1}.Release|Any CPU.ActiveCfg = Release|Any CPU
		{D7B4B035-B547-42E7-BF5A-44B61E8C27D1}.Release|Any CPU.Build.0 = Release|Any CPU
		{CF6C70AA-BCBC-407A-A8F3-0E2F3CC14C5E}.Debug|Any CPU.ActiveCfg = Debug|Any CPU
		{CF6C70AA-BCBC-407A-A8F3-0E2F3CC14C5E}.Debug|Any CPU.Build.0 = Debug|Any CPU
		{CF6C70AA-BCBC-407A-A8F3-0E2F3CC14C5E}.Release|Any CPU.ActiveCfg = Release|Any CPU
		{CF6C70AA-BCBC-407A-A8F3-0E2F3CC14C5E}.Release|Any CPU.Build.0 = Release|Any CPU
	EndGlobalSection
	GlobalSection(SolutionProperties) = preSolution
		HideSolutionNode = FALSE
	EndGlobalSection
EndGlobal
